{
    "_readme": [
        "This file locks the dependencies of your project to a known state",
        "Read more about it at https://getcomposer.org/doc/01-basic-usage.md#installing-dependencies",
        "This file is @generated automatically"
    ],
    "content-hash": "b1f2da38aa3dd70575ef71f480507715",
    "packages": [
        {
            "name": "behat/transliterator",
            "version": "v1.3.0",
            "source": {
                "type": "git",
                "url": "https://github.com/Behat/Transliterator.git",
                "reference": "3c4ec1d77c3d05caa1f0bf8fb3aae4845005c7fc"
            },
            "dist": {
                "type": "zip",
                "url": "https://api.github.com/repos/Behat/Transliterator/zipball/3c4ec1d77c3d05caa1f0bf8fb3aae4845005c7fc",
                "reference": "3c4ec1d77c3d05caa1f0bf8fb3aae4845005c7fc",
                "shasum": ""
            },
            "require": {
                "php": ">=5.3.3"
            },
            "require-dev": {
                "chuyskywalker/rolling-curl": "^3.1",
                "php-yaoi/php-yaoi": "^1.0",
                "phpunit/phpunit": "^4.8.36|^6.3"
            },
            "type": "library",
            "extra": {
                "branch-alias": {
                    "dev-master": "1.2-dev"
                }
            },
            "autoload": {
                "psr-4": {
                    "Behat\\Transliterator\\": "src/Behat/Transliterator"
                }
            },
            "notification-url": "https://packagist.org/downloads/",
            "license": [
                "Artistic-1.0"
            ],
            "description": "String transliterator",
            "keywords": [
                "i18n",
                "slug",
                "transliterator"
            ],
            "support": {
                "issues": "https://github.com/Behat/Transliterator/issues",
                "source": "https://github.com/Behat/Transliterator/tree/v1.3.0"
            },
            "time": "2020-01-14T16:39:13+00:00"
        },
        {
            "name": "jeroendesloovere/vcard",
            "version": "1.7.2",
            "source": {
                "type": "git",
                "url": "https://github.com/jeroendesloovere/vcard.git",
                "reference": "21a7341a589d80196a55e1f6317468a93e57c104"
            },
            "dist": {
                "type": "zip",
                "url": "https://api.github.com/repos/jeroendesloovere/vcard/zipball/21a7341a589d80196a55e1f6317468a93e57c104",
                "reference": "21a7341a589d80196a55e1f6317468a93e57c104",
                "shasum": ""
            },
            "require": {
                "behat/transliterator": "~1.0",
                "php": ">=5.3.3"
            },
            "require-dev": {
                "phpunit/phpunit": "4.6.*"
            },
            "type": "library",
            "autoload": {
                "psr-4": {
                    "JeroenDesloovere\\VCard\\": "src/"
                }
            },
            "notification-url": "https://packagist.org/downloads/",
            "license": [
                "MIT"
            ],
            "authors": [
                {
                    "name": "Jeroen Desloovere",
                    "email": "info@jeroendesloovere.be",
                    "homepage": "http://jeroendesloovere.be",
                    "role": "Developer"
                }
            ],
            "description": "This VCard PHP class can generate a vCard with some data. When using an iOS device it will export as a .ics file because iOS devices don't support the default .vcf files.",
            "homepage": "https://github.com/jeroendesloovere/vcard",
            "keywords": [
                ".vcf",
                "generator",
                "php",
                "vCard"
            ],
            "support": {
                "issues": "https://github.com/jeroendesloovere/vcard/issues",
                "source": "https://github.com/jeroendesloovere/vcard/tree/master"
            },
            "time": "2019-03-02T13:21:03+00:00"
        }
    ],
    "packages-dev": [],
    "aliases": [],
    "minimum-stability": "stable",
    "stability-flags": [],
    "prefer-stable": false,
    "prefer-lowest": false,
    "platform": [],
    "platform-dev": [],
    "plugin-api-version": "2.0.0"
}
